
Microsoft Visual Studio Solution File, Format Version 12.00
# Visual Studio Version 17
VisualStudioVersion = 17.5.33502.453
MinimumVisualStudioVersion = 10.0.40219.1
Project("{9A19103F-16F7-4668-BE54-9A1E7A4F7556}") = "RSA", "Cipher\RSA.csproj", "{8221513C-00BA-4ACE-A128-8DE4F12178A4}"
EndProject
Project("{9A19103F-16F7-4668-BE54-9A1E7A4F7556}") = "GUI", "GUI\GUI.csproj", "{111D7D2B-4268-4EDE-B48C-2E3DAB3FC12C}"
EndProject
Global
	GlobalSection(SolutionConfigurationPlatforms) = preSolution
		Debug|Any CPU = Debug|Any CPU
		Release|Any CPU = Release|Any CPU
	EndGlobalSection
	GlobalSection(ProjectConfigurationPlatforms) = postSolution
		{8221513C-00BA-4ACE-A128-8DE4F12178A4}.Debug|Any CPU.ActiveCfg = Debug|Any CPU
		{8221513C-00BA-4ACE-A128-8DE4F12178A4}.Debug|Any CPU.Build.0 = Debug|Any CPU
		{8221513C-00BA-4ACE-A128-8DE4F12178A4}.Release|Any CPU.ActiveCfg = Release|Any CPU
		{8221513C-00BA-4ACE-A128-8DE4F12178A4}.Release|Any CPU.Build.0 = Release|Any CPU
		{111D7D2B-4268-4EDE-B48C-2E3DAB3FC12C}.Debug|Any CPU.ActiveCfg = Debug|Any CPU
		{111D7D2B-4268-4EDE-B48C-2E3DAB3FC12C}.Debug|Any CPU.Build.0 = Debug|Any CPU
		{111D7D2B-4268-4EDE-B48C-2E3DAB3FC12C}.Release|Any CPU.ActiveCfg = Release|Any CPU
		{111D7D2B-4268-4EDE-B48C-2E3DAB3FC12C}.Release|Any CPU.Build.0 = Release|Any CPU
	EndGlobalSection
	GlobalSection(SolutionProperties) = preSolution
		HideSolutionNode = FALSE
	EndGlobalSection
	GlobalSection(ExtensibilityGlobals) = postSolution
		SolutionGuid = {6C2DE255-1759-42B9-9E3B-7AF546C82C24}
	EndGlobalSection
EndGlobal
